// !$*UTF8*$!
{
    archiveVersion = 1;
    classes = {
    };
    objectVersion = 77;
    objects = {

/* Begin PBXFileReference section */
        FA5C9FA92ED323AE0044281D /* WordCardAI.app */ = {isa = PBXFileReference; explicitFileType = wrapper.application; includeInIndex = 0; path = WordCardAI.app; sourceTree = BUILT_PRODUCTS_DIR; };
/* End PBXFileReference section */

/* Begin PBXFileSystemSynchronizedRootGroup section */
        FA5C9FAB2ED323AE0044281D /* WordCardAI */ = {
            isa = PBXFileSystemSynchronizedRootGroup;
            path = WordCardAI;
            sourceTree = "<group>";
        };
/* End PBXFileSystemSynchronizedRootGroup section */

/* Begin PBXFrameworksBuildPhase section */
        FA5C9FA62ED323AE0044281D /* Frameworks */ = {
            isa = PBXFrameworksBuildPhase;
            buildActionMask = 2147483647;
            files = (
            );
            runOnlyForDeploymentPostprocessing = 0;
        };
/* End PBXFrameworksBuildPhase section */

/* Begin PBXGroup section */
        FA5C9FA02ED323AE0044281D = {
            isa = PBXGroup;
            children = (
                FA5C9FAB2ED323AE0044281D /* WordCardAI */,
                FA5C9FAA2ED323AE0044281D /* Products */,
            );
            sourceTree = "<group>";
        };
        FA5C9FAA2ED323AE0044281D /* Products */ = {
            isa = PBXGroup;
            children = (
                FA5C9FA92ED323AE0044281D /* WordCardAI.app */,
            );
            name = Products;
            sourceTree = "<group>";
        };
/* End PBXGroup section */

/* Begin PBXNativeTarget section */
        FA5C9FA82ED323AE0044281D /* WordCardAI */ = {
            isa = PBXNativeTarget;
            buildConfigurationList = FA5C9FB42ED323AF0044281D /* Build configuration list for PBXNativeTarget "WordCardAI" */;
            buildPhases = (
                FA5C9FA52ED323AE0044281D /* Sources */,
                FA5C9FA62ED323AE0044281D /* Frameworks */,
                FA5C9FA72ED323AE0044281D /* Resources */,
            );
            buildRules = (
            );
            dependencies = (
            );
            fileSystemSynchronizedGroups = (
                FA5C9FAB2ED323AE0044281D /* WordCardAI */,
            );
            name = WordCardAI;
            packageProductDependencies = (
            );
            productName = WordCardAI;
            productReference = FA5C9FA92ED323AE0044281D /* WordCardAI.app */;
            productType = "com.apple.product-type.application";
        };
/* End PBXNativeTarget section */

/* Begin PBXProject section */
        FA5C9FA12ED323AE0044281D /* Project object */ = {
            isa = PBXProject;
            attributes = {
                BuildIndependentTargetsInParallel = 1;
                LastSwiftUpdateCheck = 2610;
                LastUpgradeCheck = 2610;
                TargetAttributes = {
                    FA5C9FA82ED323AE0044281D = {
                        CreatedOnToolsVersion = 26.1.1;
                    };
                };
            };
            buildConfigurationList = FA5C9FA42ED323AE0044281D /* Build configuration list for PBXProject "WordCardAI" */;
            developmentRegion = en;
            hasScannedForEncodings = 0;
            knownRegions = (
                en,
                Base,
            );
            mainGroup = FA5C9FA02ED323AE0044281D;
            minimizedProjectReferenceProxies = 1;
            preferredProjectObjectVersion = 77;
            productRefGroup = FA5C9FAA2ED323AE0044281D /* Products */;
            projectDirPath = "";
            projectRoot = "";
            targets = (
                FA5C9FA82ED323AE0044281D /* WordCardAI */,
            );
        };
/* End PBXProject section */

/* Begin PBXResourcesBuildPhase section */
        FA5C9FA72ED323AE0044281D /* Resources */ = {
            isa = PBXResourcesBuildPhase;
            buildActionMask = 2147483647;
            files = (
            );
            runOnlyForDeploymentPostprocessing = 0;
        };
/* End PBXResourcesBuildPhase section */

/* Begin PBXSourcesBuildPhase section */
        FA5C9FA52ED323AE0044281D /* Sources */ = {
            isa = PBXSourcesBuildPhase;
            buildActionMask = 2147483647;
            files = (
            );
            runOnlyForDeploymentPostprocessing = 0;
        };
/* End PBXSourcesBuildPhase section */

/* Begin XCBuildConfiguration section */
        FA5C9FB22ED323AF0044281D /* Debug */ = {
            isa = XCBuildConfiguration;
            buildSettings = {
                ALWAYS_SEARCH_USER_PATHS = NO;
                ASSETCATALOG_COMPILER_GENERATE_SWIFT_ASSET_SYMBOL_EXTENSIONS = YES;
                CLANG_ANALYZER_NONNULL = YES;
                CLANG_ANALYZER_NUMBER_OBJECT_CONVERSION = YES_AGGRESSIVE;
                CLANG_CXX_LANGUAGE_STANDARD = "gnu++20";
                CLANG_ENABLE_MODULES = YES;
                CLANG_ENABLE_OBJC_ARC = YES;
                CLANG_ENABLE_OBJC_WEAK = YES;
                CLANG_WARN_BLOCK_CAPTURE_AUTORELEASING = YES;
                CLANG_WARN_BOOL_CONVERSION = YES;
                CLANG_WARN_COMMA = YES;
                CLANG_WARN_CONSTANT_CONVERSION = YES;
                CLANG_WARN_DEPRECATED_OBJC_IMPLEMENTATIONS = YES;
                CLANG_WARN_DIRECT_OBJC_ISA_USAGE = YES_ERROR;
                CLANG_WARN_DOCUMENTATION_COMMENTS = YES;
                CLANG_WARN_EMPTY_BODY = YES;
                CLANG_WARN_ENUM_CONVERSION = YES;
                CLANG_WARN_INFINITE_RECURSION = YES;
                CLANG_WARN_INT_CONVERSION = YES;
                CLANG_WARN_NON_LITERAL_NULL_CONVERSION = YES;
                CLANG_WARN_OBJC_IMPLICIT_RETAIN_SELF = YES;
                CLANG_WARN_OBJC_LITERAL_CONVERSION = YES;
                CLANG_WARN_OBJC_ROOT_CLASS = YES_ERROR;
                CLANG_WARN_QUOTED_INCLUDE_IN_FRAMEWORK_HEADER = YES;
                CLANG_WARN_RANGE_LOOP_ANALYSIS = YES;
                CLANG_WARN_STRICT_PROTOTYPES = YES;
                CLANG_WARN_SUSPICIOUS_MOVE = YES;
                CLANG_WARN_UNGUARDED_AVAILABILITY = YES_AGGRESSIVE;
                CLANG_WARN_UNREACHABLE_CODE = YES;
                CLANG_WARN__DUPLICATE_METHOD_MATCH = YES;
                COPY_PHASE_STRIP = NO;
                DEBUG_INFORMATION_FORMAT = dwarf;
                ENABLE_STRICT_OBJC_MSGSEND = YES;
                ENABLE_TESTABILITY = YES;
                ENABLE_USER_SCRIPT_SANDBOXING = YES;
                GCC_C_LANGUAGE_STANDARD = gnu17;
                GCC_DYNAMIC_NO_PIC = NO;
                GCC_NO_COMMON_BLOCKS = YES;
                GCC_OPTIMIZATION_LEVEL = 0;
                GCC_PREPROCESSOR_DEFINITIONS = (
                    "DEBUG=1",
                    "$(inherited)",
                );
                GCC_WARN_64_TO_32_BIT_CONVERSION = YES;
                GCC_WARN_ABOUT_RETURN_TYPE = YES_ERROR;
                GCC_WARN_UNDECLARED_SELECTOR = YES;
                GCC_WARN_UNINITIALIZED_AUTOS = YES_AGGRESSIVE;
                GCC_WARN_UNUSED_FUNCTION = YES;
                GCC_WARN_UNUSED_VARIABLE = YES;
                LOCALIZATION_PREFERS_STRING_CATALOGS = YES;
                MTL_ENABLE_DEBUG_INFO = INCLUDE_SOURCE;
                MTL_FAST_MATH = YES;
                ONLY_ACTIVE_ARCH = YES;
                SWIFT_ACTIVE_COMPILATION_CONDITIONS = "DEBUG $(inherited)";
                SWIFT_OPTIMIZATION_LEVEL = "-Onone";
            };
            name = Debug;
        };
        FA5C9FB32ED323AF0044281D /* Release */ = {
            isa = XCBuildConfiguration;
            buildSettings = {
                ALWAYS_SEARCH_USER_PATHS = NO;
                ASSETCATALOG_COMPILER_GENERATE_SWIFT_ASSET_SYMBOL_EXTENSIONS = YES;
                CLANG_ANALYZER_NONNULL = YES;
                CLANG_ANALYZER_NUMBER_OBJECT_CONVERSION = YES_AGGRESSIVE;
                CLANG_CXX_LANGUAGE_STANDARD = "gnu++20";
                CLANG_ENABLE_MODULES = YES;
                CLANG_ENABLE_OBJC_ARC = YES;
                CLANG_ENABLE_OBJC_WEAK = YES;
                CLANG_WARN_BLOCK_CAPTURE_AUTORELEASING = YES;
                CLANG_WARN_BOOL_CONVERSION = YES;
                CLANG_WARN_COMMA = YES;
                CLANG_WARN_CONSTANT_CONVERSION = YES;
                CLANG_WARN_DEPRECATED_OBJC_IMPLEMENTATIONS = YES;
                CLANG_WARN_DIRECT_OBJC_ISA_USAGE = YES_ERROR;
                CLANG_WARN_DOCUMENTATION_COMMENTS = YES;
                CLANG_WARN_EMPTY_BODY = YES;
                CLANG_WARN_ENUM_CONVERSION = YES;
                CLANG_WARN_INFINITE_RECURSION = YES;
                CLANG_WARN_INT_CONVERSION = YES;
                CLANG_WARN_NON_LITERAL_NULL_CONVERSION = YES;
                CLANG_WARN_OBJC_IMPLICIT_RETAIN_SELF = YES;
                CLANG_WARN_OBJC_LITERAL_CONVERSION = YES;
                CLANG_WARN_OBJC_ROOT_CLASS = YES_ERROR;
                CLANG_WARN_QUOTED_INCLUDE_IN_FRAMEWORK_HEADER = YES;
                CLANG_WARN_RANGE_LOOP_ANALYSIS = YES;
                CLANG_WARN_STRICT_PROTOTYPES = YES;
                CLANG_WARN_SUSPICIOUS_MOVE = YES;
                CLANG_WARN_UNGUARDED_AVAILABILITY = YES_AGGRESSIVE;
                CLANG_WARN_UNREACHABLE_CODE = YES;
                CLANG_WARN__DUPLICATE_METHOD_MATCH = YES;
                COPY_PHASE_STRIP = NO;
                DEBUG_INFORMATION_FORMAT = "dwarf-with-dsym";
                ENABLE_NS_ASSERTIONS = NO;
                ENABLE_STRICT_OBJC_MSGSEND = YES;
                ENABLE_USER_SCRIPT_SANDBOXING = YES;
                GCC_C_LANGUAGE_STANDARD = gnu17;
                GCC_NO_COMMON_BLOCKS = YES;
                GCC_WARN_64_TO_32_BIT_CONVERSION = YES;
                GCC_WARN_ABOUT_RETURN_TYPE = YES_ERROR;
                GCC_WARN_UNDECLARED_SELECTOR = YES;
                GCC_WARN_UNINITIALIZED_AUTOS = YES_AGGRESSIVE;
                GCC_WARN_UNUSED_FUNCTION = YES;
                GCC_WARN_UNUSED_VARIABLE = YES;
                LOCALIZATION_PREFERS_STRING_CATALOGS = YES;
                MTL_ENABLE_DEBUG_INFO = NO;
                MTL_FAST_MATH = YES;
                SWIFT_COMPILATION_MODE = wholemodule;
            };
            name = Release;
        };
        FA5C9FB52ED323AF0044281D /* Debug */ = {
            isa = XCBuildConfiguration;
            buildSettings = {
                ASSETCATALOG_COMPILER_APPICON_NAME = AppIcon;
                ASSETCATALOG_COMPILER_GLOBAL_ACCENT_COLOR_NAME = AccentColor;
                CODE_SIGN_STYLE = Automatic;
                CURRENT_PROJECT_VERSION = 1;
                DEVELOPMENT_TEAM = F77M3TB5R6;
                ENABLE_APP_SANDBOX = YES;
                ENABLE_PREVIEWS = YES;
                ENABLE_USER_SELECTED_FILES = readonly;
                GENERATE_INFOPLIST_FILE = YES;
                "INFOPLIST_KEY_UIApplicationSceneManifest_Generation[sdk=iphoneos*]" = YES;
                "INFOPLIST_KEY_UIApplicationSceneManifest_Generation[sdk=iphonesimulator*]" = YES;
                "INFOPLIST_KEY_UIApplicationSupportsIndirectInputEvents[sdk=iphoneos*]" = YES;
                "INFOPLIST_KEY_UIApplicationSupportsIndirectInputEvents[sdk=iphonesimulator*]" = YES;
                "INFOPLIST_KEY_UILaunchScreen_Generation[sdk=iphoneos*]" = YES;
                "INFOPLIST_KEY_UILaunchScreen_Generation[sdk=iphonesimulator*]" = YES;
                "INFOPLIST_KEY_UIStatusBarStyle[sdk=iphoneos*]" = UIStatusBarStyleDefault;
                "INFOPLIST_KEY_UIStatusBarStyle[sdk=iphonesimulator*]" = UIStatusBarStyleDefault;
                INFOPLIST_KEY_UISupportedInterfaceOrientations_iPad = "UIInterfaceOrientationPortrait UIInterfaceOrientationPortraitUpsideDown UIInterfaceOrientationLandscapeLeft UIInterfaceOrientationLandscapeRight";
                INFOPLIST_KEY_UISupportedInterfaceOrientations_iPhone = "UIInterfaceOrientationPortrait UIInterfaceOrientationLandscapeLeft UIInterfaceOrientationLandscapeRight";
                IPHONEOS_DEPLOYMENT_TARGET = 26.0;
                LD_RUNPATH_SEARCH_PATHS = "@executable_path/Frameworks";
                "LD_RUNPATH_SEARCH_PATHS[sdk=macosx*]" = "@executable_path/../Frameworks";
                MACOSX_DEPLOYMENT_TARGET = 26.0;
                MARKETING_VERSION = 1.0;
                PRODUCT_BUNDLE_DISPLAY_NAME = "スマート単語カード";
                PRODUCT_BUNDLE_IDENTIFIER = Shikuno.WordCardAI;
                PRODUCT_NAME = "$(TARGET_NAME)";
                REGISTER_APP_GROUPS = YES;
                SDKROOT = auto;
                STRING_CATALOG_GENERATE_SYMBOLS = YES;
                SUPPORTED_PLATFORMS = "iphoneos iphonesimulator macosx xros xrsimulator";
                SWIFT_APPROACHABLE_CONCURRENCY = YES;
                SWIFT_DEFAULT_ACTOR_ISOLATION = MainActor;
                SWIFT_EMIT_LOC_STRINGS = YES;
                SWIFT_UPCOMING_FEATURE_MEMBER_IMPORT_VISIBILITY = YES;
                SWIFT_VERSION = 5.0;
                TARGETED_DEVICE_FAMILY = "1,2,7";
                XROS_DEPLOYMENT_TARGET = 26.0;
            };
            name = Debug;
        };
        FA5C9FB62ED323AF0044281D /* Release */ = {
            isa = XCBuildConfiguration;
            buildSettings = {
                ASSETCATALOG_COMPILER_APPICON_NAME = AppIcon;
                ASSETCATALOG_COMPILER_GLOBAL_ACCENT_COLOR_NAME = AccentColor;
                CODE_SIGN_STYLE = Automatic;
                CURRENT_PROJECT_VERSION = 1;
                DEVELOPMENT_TEAM = F77M3TB5R6;
                ENABLE_APP_SANDBOX = YES;
                ENABLE_PREVIEWS = YES;
                ENABLE_USER_SELECTED_FILES = readonly;
                GENERATE_INFOPLIST_FILE = YES;
                "INFOPLIST_KEY_UIApplicationSceneManifest_Generation[sdk=iphoneos*]" = YES;
                "INFOPLIST_KEY_UIApplicationSceneManifest_Generation[sdk=iphonesimulator*]" = YES;
                "INFOPLIST_KEY_UIApplicationSupportsIndirectInputEvents[sdk=iphoneos*]" = YES;
                "INFOPLIST_KEY_UIApplicationSupportsIndirectInputEvents[sdk=iphonesimulator*]" = YES;
                "INFOPLIST_KEY_UILaunchScreen_Generation[sdk=iphoneos*]" = YES;
                "INFOPLIST_KEY_UILaunchScreen_Generation[sdk=iphonesimulator*]" = YES;
                "INFOPLIST_KEY_UIStatusBarStyle[sdk=iphoneos*]" = UIStatusBarStyleDefault;
                "INFOPLIST_KEY_UIStatusBarStyle[sdk=iphonesimulator*]" = UIStatusBarStyleDefault;
                INFOPLIST_KEY_UISupportedInterfaceOrientations_iPad = "UIInterfaceOrientationPortrait UIInterfaceOrientationPortraitUpsideDown UIInterfaceOrientationLandscapeLeft UIInterfaceOrientationLandscapeRight";
                INFOPLIST_KEY_UISupportedInterfaceOrientations_iPhone = "UIInterfaceOrientationPortrait UIInterfaceOrientationLandscapeLeft UIInterfaceOrientationLandscapeRight";
                IPHONEOS_DEPLOYMENT_TARGET = 26.0;
                LD_RUNPATH_SEARCH_PATHS = "@executable_path/Frameworks";
                "LD_RUNPATH_SEARCH_PATHS[sdk=macosx*]" = "@executable_path/../Frameworks";
                MACOSX_DEPLOYMENT_TARGET = 26.0;
                INFOPLIST_KEY_CFBundleDisplayName = "スマート単語カード";
                MARKETING_VERSION = 1.0;
                PRODUCT_BUNDLE_DISPLAY_NAME = "スマート単語カード";
                PRODUCT_BUNDLE_IDENTIFIER = Shikuno.WordCardAI;
                PRODUCT_NAME = "$(TARGET_NAME)";
                REGISTER_APP_GROUPS = YES;
                SDKROOT = auto;
                STRING_CATALOG_GENERATE_SYMBOLS = YES;
                SUPPORTED_PLATFORMS = "iphoneos iphonesimulator macosx xros xrsimulator";
                SWIFT_APPROACHABLE_CONCURRENCY = YES;
                SWIFT_DEFAULT_ACTOR_ISOLATION = MainActor;
                SWIFT_EMIT_LOC_STRINGS = YES;
                SWIFT_UPCOMING_FEATURE_MEMBER_IMPORT_VISIBILITY = YES;
                SWIFT_VERSION = 5.0;
                TARGETED_DEVICE_FAMILY = "1,2,7";
                XROS_DEPLOYMENT_TARGET = 26.0;
            };
            name = Release;
        };
/* End XCBuildConfiguration section */

/* Begin XCConfigurationList section */
        FA5C9FA42ED323AE0044281D /* Build configuration list for PBXProject "WordCardAI" */ = {
            isa = XCConfigurationList;
            buildConfigurations = (
                FA5C9FB22ED323AF0044281D /* Debug */,
                FA5C9FB32ED323AF0044281D /* Release */,
            );
            defaultConfigurationIsVisible = 0;
            defaultConfigurationName = Release;
        };
        FA5C9FB42ED323AF0044281D /* Build configuration list for PBXNativeTarget "WordCardAI" */ = {
            isa = XCConfigurationList;
            buildConfigurations = (
                FA5C9FB52ED323AF0044281D /* Debug */,
                FA5C9FB62ED323AF0044281D /* Release */,
            );
            defaultConfigurationIsVisible = 0;
            defaultConfigurationName = Release;
        };
/* End XCConfigurationList section */
    };
    rootObject = FA5C9FA12ED323AE0044281D /* Project object */;
}
